// !$*UTF8*$!
{
	archiveVersion = 1;
	classes = {
	};
	objectVersion = 46;
	objects = {

/* Begin PBXBuildFile section */
		43A8748B1BD75B1A00BA8D1D /* main.m in Sources */ = {isa = PBXBuildFile; fileRef = 43A8748A1BD75B1A00BA8D1D /* main.m */; };
		43A8748E1BD75B1A00BA8D1D /* AppDelegate.m in Sources */ = {isa = PBXBuildFile; fileRef = 43A8748D1BD75B1A00BA8D1D /* AppDelegate.m */; };
		43A874911BD75B1A00BA8D1D /* ViewController.m in Sources */ = {isa = PBXBuildFile; fileRef = 43A874901BD75B1A00BA8D1D /* ViewController.m */; };
		43A874961BD75B1A00BA8D1D /* Assets.xcassets in Resources */ = {isa = PBXBuildFile; fileRef = 43A874951BD75B1A00BA8D1D /* Assets.xcassets */; };
		43A874A21BD75B4900BA8D1D /* Default-568h@2x.png in Resources */ = {isa = PBXBuildFile; fileRef = 43A874A11BD75B4900BA8D1D /* Default-568h@2x.png */; settings = {ASSET_TAGS = (); }; };
		43A874A51BD75B7600BA8D1D /* MOITextView.m in Sources */ = {isa = PBXBuildFile; fileRef = 43A874A41BD75B7600BA8D1D /* MOITextView.m */; settings = {ASSET_TAGS = (); }; };
		43A874A81BD78FEB00BA8D1D /* .gitignore in Resources */ = {isa = PBXBuildFile; fileRef = 43A874A71BD78FEB00BA8D1D /* .gitignore */; settings = {ASSET_TAGS = (); }; };
/* End PBXBuildFile section */

/* Begin PBXFileReference section */
		43A874861BD75B1A00BA8D1D /* MOITextViewDemo.app */ = {isa = PBXFileReference; explicitFileType = wrapper.application; includeInIndex = 0; path = MOITextViewDemo.app; sourceTree = BUILT_PRODUCTS_DIR; };
		43A8748A1BD75B1A00BA8D1D /* main.m */ = {isa = PBXFileReference; lastKnownFileType = sourcecode.c.objc; path = main.m; sourceTree = "<group>"; };
		43A8748C1BD75B1A00BA8D1D /* AppDelegate.h */ = {isa = PBXFileReference; lastKnownFileType = sourcecode.c.h; path = AppDelegate.h; sourceTree = "<group>"; };
		43A8748D1BD75B1A00BA8D1D /* AppDelegate.m */ = {isa = PBXFileReference; lastKnownFileType = sourcecode.c.objc; path = AppDelegate.m; sourceTree = "<group>"; };
		43A8748F1BD75B1A00BA8D1D /* ViewController.h */ = {isa = PBXFileReference; lastKnownFileType = sourcecode.c.h; path = ViewController.h; sourceTree = "<group>"; };
		43A874901BD75B1A00BA8D1D /* ViewController.m */ = {isa = PBXFileReference; lastKnownFileType = sourcecode.c.objc; path = ViewController.m; sourceTree = "<group>"; };
		43A874951BD75B1A00BA8D1D /* Assets.xcassets */ = {isa = PBXFileReference; lastKnownFileType = folder.assetcatalog; path = Assets.xcassets; sourceTree = "<group>"; };
		43A8749A1BD75B1A00BA8D1D /* Info.plist */ = {isa = PBXFileReference; lastKnownFileType = text.plist.xml; path = Info.plist; sourceTree = "<group>"; };
		43A874A11BD75B4900BA8D1D /* Default-568h@2x.png */ = {isa = PBXFileReference; lastKnownFileType = image.png; path = "Default-568h@2x.png"; sourceTree = "<group>"; };
		43A874A31BD75B7600BA8D1D /* MOITextView.h */ = {isa = PBXFileReference; fileEncoding = 4; lastKnownFileType = sourcecode.c.h; path = MOITextView.h; sourceTree = "<group>"; };
		43A874A41BD75B7600BA8D1D /* MOITextView.m */ = {isa = PBXFileReference; fileEncoding = 4; lastKnownFileType = sourcecode.c.objc; path = MOITextView.m; sourceTree = "<group>"; };
		43A874A61BD784A500BA8D1D /* macro.h */ = {isa = PBXFileReference; lastKnownFileType = sourcecode.c.h; path = macro.h; sourceTree = "<group>"; };
		43A874A71BD78FEB00BA8D1D /* .gitignore */ = {isa = PBXFileReference; fileEncoding = 4; lastKnownFileType = text; name = .gitignore; path = ../.gitignore; sourceTree = "<group>"; };
/* End PBXFileReference section */

/* Begin PBXFrameworksBuildPhase section */
		43A874831BD75B1A00BA8D1D /* Frameworks */ = {
			isa = PBXFrameworksBuildPhase;
			buildActionMask = 2147483647;
			files = (
			);
			runOnlyForDeploymentPostprocessing = 0;
		};
/* End PBXFrameworksBuildPhase section */

/* Begin PBXGroup section */
		43A8747D1BD75B1A00BA8D1D = {
			isa = PBXGroup;
			children = (
				43A874A71BD78FEB00BA8D1D /* .gitignore */,
				43A874A11BD75B4900BA8D1D /* Default-568h@2x.png */,
				43A874A01BD75B2A00BA8D1D /* MOITextView */,
				43A874881BD75B1A00BA8D1D /* MOITextViewDemo */,
				43A874871BD75B1A00BA8D1D /* Products */,
			);
			sourceTree = "<group>";
		};
		43A874871BD75B1A00BA8D1D /* Products */ = {
			isa = PBXGroup;
			children = (
				43A874861BD75B1A00BA8D1D /* MOITextViewDemo.app */,
			);
			name = Products;
			sourceTree = "<group>";
		};
		43A874881BD75B1A00BA8D1D /* MOITextViewDemo */ = {
			isa = PBXGroup;
			children = (
				43A8748C1BD75B1A00BA8D1D /* AppDelegate.h */,
				43A8748D1BD75B1A00BA8D1D /* AppDelegate.m */,
				43A8748F1BD75B1A00BA8D1D /* ViewController.h */,
				43A874901BD75B1A00BA8D1D /* ViewController.m */,
				43A874951BD75B1A00BA8D1D /* Assets.xcassets */,
				43A8749A1BD75B1A00BA8D1D /* Info.plist */,
				43A874891BD75B1A00BA8D1D /* Supporting Files */,
			);
			path = MOITextViewDemo;
			sourceTree = "<group>";
		};
		43A874891BD75B1A00BA8D1D /* Supporting Files */ = {
			isa = PBXGroup;
			children = (
				43A8748A1BD75B1A00BA8D1D /* main.m */,
			);
			name = "Supporting Files";
			sourceTree = "<group>";
		};
		43A874A01BD75B2A00BA8D1D /* MOITextView */ = {
			isa = PBXGroup;
			children = (
				43A874A61BD784A500BA8D1D /* macro.h */,
				43A874A31BD75B7600BA8D1D /* MOITextView.h */,
				43A874A41BD75B7600BA8D1D /* MOITextView.m */,
			);
			name = MOITextView;
			path = ../MOITextView;
			sourceTree = "<group>";
		};
/* End PBXGroup section */

/* Begin PBXNativeTarget section */
		43A874851BD75B1A00BA8D1D /* MOITextViewDemo */ = {
			isa = PBXNativeTarget;
			buildConfigurationList = 43A8749D1BD75B1A00BA8D1D /* Build configuration list for PBXNativeTarget "MOITextViewDemo" */;
			buildPhases = (
				43A874821BD75B1A00BA8D1D /* Sources */,
				43A874831BD75B1A00BA8D1D /* Frameworks */,
				43A874841BD75B1A00BA8D1D /* Resources */,
			);
			buildRules = (
			);
			dependencies = (
			);
			name = MOITextViewDemo;
			productName = MOITextViewDemo;
			productReference = 43A874861BD75B1A00BA8D1D /* MOITextViewDemo.app */;
			productType = "com.apple.product-type.application";
		};
/* End PBXNativeTarget section */

/* Begin PBXProject section */
		43A8747E1BD75B1A00BA8D1D /* Project object */ = {
			isa = PBXProject;
			attributes = {
				LastUpgradeCheck = 0700;
				ORGANIZATIONNAME = mconintet;
				TargetAttributes = {
					43A874851BD75B1A00BA8D1D = {
						CreatedOnToolsVersion = 7.0.1;
					};
				};
			};
			buildConfigurationList = 43A874811BD75B1A00BA8D1D /* Build configuration list for PBXProject "MOITextViewDemo" */;
			compatibilityVersion = "Xcode 3.2";
			developmentRegion = English;
			hasScannedForEncodings = 0;
			knownRegions = (
				en,
				Base,
			);
			mainGroup = 43A8747D1BD75B1A00BA8D1D;
			productRefGroup = 43A874871BD75B1A00BA8D1D /* Products */;
			projectDirPath = "";
			projectRoot = "";
			targets = (
				43A874851BD75B1A00BA8D1D /* MOITextViewDemo */,
			);
		};
/* End PBXProject section */

/* Begin PBXResourcesBuildPhase section */
		43A874841BD75B1A00BA8D1D /* Resources */ = {
			isa = PBXResourcesBuildPhase;
			buildActionMask = 2147483647;
			files = (
				43A874961BD75B1A00BA8D1D /* Assets.xcassets in Resources */,
				43A874A81BD78FEB00BA8D1D /* .gitignore in Resources */,
				43A874A21BD75B4900BA8D1D /* Default-568h@2x.png in Resources */,
			);
			runOnlyForDeploymentPostprocessing = 0;
		};
/* End PBXResourcesBuildPhase section */

/* Begin PBXSourcesBuildPhase section */
		43A874821BD75B1A00BA8D1D /* Sources */ = {
			isa = PBXSourcesBuildPhase;
			buildActionMask = 2147483647;
			files = (
				43A874911BD75B1A00BA8D1D /* ViewController.m in Sources */,
				43A874A51BD75B7600BA8D1D /* MOITextView.m in Sources */,
				43A8748E1BD75B1A00BA8D1D /* AppDelegate.m in Sources */,
				43A8748B1BD75B1A00BA8D1D /* main.m in Sources */,
			);
			runOnlyForDeploymentPostprocessing = 0;
		};
/* End PBXSourcesBuildPhase section */

/* Begin XCBuildConfiguration section */
		43A8749B1BD75B1A00BA8D1D /* Debug */ = {
			isa = XCBuildConfiguration;
			buildSettings = {
				ALWAYS_SEARCH_USER_PATHS = NO;
				CLANG_CXX_LANGUAGE_STANDARD = "gnu++0x";
				CLANG_CXX_LIBRARY = "libc++";
				CLANG_ENABLE_MODULES = YES;
				CLANG_ENABLE_OBJC_ARC = YES;
				CLANG_WARN_BOOL_CONVERSION = YES;
				CLANG_WARN_CONSTANT_CONVERSION = YES;
				CLANG_WARN_DIRECT_OBJC_ISA_USAGE = YES_ERROR;
				CLANG_WARN_EMPTY_BODY = YES;
				CLANG_WARN_ENUM_CONVERSION = YES;
				CLANG_WARN_INT_CONVERSION = YES;
				CLANG_WARN_OBJC_ROOT_CLASS = YES_ERROR;
				CLANG_WARN_UNREACHABLE_CODE = YES;
				CLANG_WARN__DUPLICATE_METHOD_MATCH = YES;
				"CODE_SIGN_IDENTITY[sdk=iphoneos*]" = "iPhone Developer";
				COPY_PHASE_STRIP = NO;
				DEBUG_INFORMATION_FORMAT = dwarf;
				ENABLE_STRICT_OBJC_MSGSEND = YES;
				ENABLE_TESTABILITY = YES;
				GCC_C_LANGUAGE_STANDARD = gnu99;
				GCC_DYNAMIC_NO_PIC = NO;
				GCC_NO_COMMON_BLOCKS = YES;
				GCC_OPTIMIZATION_LEVEL = 0;
				GCC_PREPROCESSOR_DEFINITIONS = (
					"DEBUG=1",
					"$(inherited)",
				);
				GCC_WARN_64_TO_32_BIT_CONVERSION = YES;
				GCC_WARN_ABOUT_RETURN_TYPE = YES_ERROR;
				GCC_WARN_UNDECLARED_SELECTOR = YES;
				GCC_WARN_UNINITIALIZED_AUTOS = YES_AGGRESSIVE;
				GCC_WARN_UNUSED_FUNCTION = YES;
				GCC_WARN_UNUSED_VARIABLE = YES;
				IPHONEOS_DEPLOYMENT_TARGET = 9.0;
				MTL_ENABLE_DEBUG_INFO = YES;
				ONLY_ACTIVE_ARCH = YES;
				SDKROOT = iphoneos;
			};
			name = Debug;
		};
		43A8749C1BD75B1A00BA8D1D /* Release */ = {
			isa = XCBuildConfiguration;
			buildSettings = {
				ALWAYS_SEARCH_USER_PATHS = NO;
				CLANG_CXX_LANGUAGE_STANDARD = "gnu++0x";
				CLANG_CXX_LIBRARY = "libc++";
				CLANG_ENABLE_MODULES = YES;
				CLANG_ENABLE_OBJC_ARC = YES;
				CLANG_WARN_BOOL_CONVERSION = YES;
				CLANG_WARN_CONSTANT_CONVERSION = YES;
				CLANG_WARN_DIRECT_OBJC_ISA_USAGE = YES_ERROR;
				CLANG_WARN_EMPTY_BODY = YES;
				CLANG_WARN_ENUM_CONVERSION = YES;
				CLANG_WARN_INT_CONVERSION = YES;
				CLANG_WARN_OBJC_ROOT_CLASS = YES_ERROR;
				CLANG_WARN_UNREACHABLE_CODE = YES;
				CLANG_WARN__DUPLICATE_METHOD_MATCH = YES;
				"CODE_SIGN_IDENTITY[sdk=iphoneos*]" = "iPhone Developer";
				COPY_PHASE_STRIP = NO;
				DEBUG_INFORMATION_FORMAT = "dwarf-with-dsym";
				ENABLE_NS_ASSERTIONS = NO;
				ENABLE_STRICT_OBJC_MSGSEND = YES;
				GCC_C_LANGUAGE_STANDARD = gnu99;
				GCC_NO_COMMON_BLOCKS = YES;
				GCC_WARN_64_TO_32_BIT_CONVERSION = YES;
				GCC_WARN_ABOUT_RETURN_TYPE = YES_ERROR;
				GCC_WARN_UNDECLARED_SELECTOR = YES;
				GCC_WARN_UNINITIALIZED_AUTOS = YES_AGGRESSIVE;
				GCC_WARN_UNUSED_FUNCTION = YES;
				GCC_WARN_UNUSED_VARIABLE = YES;
				IPHONEOS_DEPLOYMENT_TARGET = 9.0;
				MTL_ENABLE_DEBUG_INFO = NO;
				SDKROOT = iphoneos;
				VALIDATE_PRODUCT = YES;
			};
			name = Release;
		};
		43A8749E1BD75B1A00BA8D1D /* Debug */ = {
			isa = XCBuildConfiguration;
			buildSettings = {
				ASSETCATALOG_COMPILER_APPICON_NAME = AppIcon;
				INFOPLIST_FILE = MOITextViewDemo/Info.plist;
				LD_RUNPATH_SEARCH_PATHS = "$(inherited) @executable_path/Frameworks";
				PRODUCT_BUNDLE_IDENTIFIER = com.mconintet.MOITextViewDemo;
				PRODUCT_NAME = "$(TARGET_NAME)";
			};
			name = Debug;
		};
		43A8749F1BD75B1A00BA8D1D /* Release */ = {
			isa = XCBuildConfiguration;
			buildSettings = {
				ASSETCATALOG_COMPILER_APPICON_NAME = AppIcon;
				INFOPLIST_FILE = MOITextViewDemo/Info.plist;
				LD_RUNPATH_SEARCH_PATHS = "$(inherited) @executable_path/Frameworks";
				PRODUCT_BUNDLE_IDENTIFIER = com.mconintet.MOITextViewDemo;
				PRODUCT_NAME = "$(TARGET_NAME)";
			};
			name = Release;
		};
/* End XCBuildConfiguration section */

/* Begin XCConfigurationList section */
		43A874811BD75B1A00BA8D1D /* Build configuration list for PBXProject "MOITextViewDemo" */ = {
			isa = XCConfigurationList;
			buildConfigurations = (
				43A8749B1BD75B1A00BA8D1D /* Debug */,
				43A8749C1BD75B1A00BA8D1D /* Release */,
			);
			defaultConfigurationIsVisible = 0;
			defaultConfigurationName = Release;
		};
		43A8749D1BD75B1A00BA8D1D /* Build configuration list for PBXNativeTarget "MOITextViewDemo" */ = {
			isa = XCConfigurationList;
			buildConfigurations = (
				43A8749E1BD75B1A00BA8D1D /* Debug */,
				43A8749F1BD75B1A00BA8D1D /* Release */,
			);
			defaultConfigurationIsVisible = 0;
		};
/* End XCConfigurationList section */
	};
	rootObject = 43A8747E1BD75B1A00BA8D1D /* Project object */;
}
